
Microsoft Visual Studio Solution File, Format Version 12.00
# Visual Studio Version 17
VisualStudioVersion = 17.13.35806.99 d17.13
MinimumVisualStudioVersion = 10.0.40219.1
Project("{FAE04EC0-301F-11D3-BF4B-00C04F79EFBC}") = "API-SOS_Code", "API-SOS_Code.csproj", "{7AB5CE6F-668C-4973-9BE2-D8C993C124EF}"
EndProject
Global
	GlobalSection(SolutionConfigurationPlatforms) = preSolution
		Debug|Any CPU = Debug|Any CPU
		Release|Any CPU = Release|Any CPU
	EndGlobalSection
	GlobalSection(ProjectConfigurationPlatforms) = postSolution
		{7AB5CE6F-668C-4973-9BE2-D8C993C124EF}.Debug|Any CPU.ActiveCfg = Debug|Any CPU
		{7AB5CE6F-668C-4973-9BE2-D8C993C124EF}.Debug|Any CPU.Build.0 = Debug|Any CPU
		{7AB5CE6F-668C-4973-9BE2-D8C993C124EF}.Release|Any CPU.ActiveCfg = Release|Any CPU
		{7AB5CE6F-668C-4973-9BE2-D8C993C124EF}.Release|Any CPU.Build.0 = Release|Any CPU
	EndGlobalSection
	GlobalSection(SolutionProperties) = preSolution
		HideSolutionNode = FALSE
	EndGlobalSection
	GlobalSection(ExtensibilityGlobals) = postSolution
		SolutionGuid = {C770221D-0E75-4932-8788-50FB468ABAE8}
	EndGlobalSection
EndGlobal
